// !$*UTF8*$!
{
	archiveVersion = 1;
	classes = {
	};
	objectVersion = 46;
	objects = {

/* Begin PBXBuildFile section */
		B5375E921DEFC375004608BC /* main.m in Sources */ = {isa = PBXBuildFile; fileRef = B5375E911DEFC375004608BC /* main.m */; };
		B5375E951DEFC375004608BC /* AppDelegate.m in Sources */ = {isa = PBXBuildFile; fileRef = B5375E941DEFC375004608BC /* AppDelegate.m */; };
		B5375E981DEFC375004608BC /* ViewController.m in Sources */ = {isa = PBXBuildFile; fileRef = B5375E971DEFC375004608BC /* ViewController.m */; };
		B5375E9B1DEFC375004608BC /* Main.storyboard in Resources */ = {isa = PBXBuildFile; fileRef = B5375E991DEFC375004608BC /* Main.storyboard */; };
		B5375E9D1DEFC375004608BC /* Assets.xcassets in Resources */ = {isa = PBXBuildFile; fileRef = B5375E9C1DEFC375004608BC /* Assets.xcassets */; };
		B5375EA01DEFC375004608BC /* LaunchScreen.storyboard in Resources */ = {isa = PBXBuildFile; fileRef = B5375E9E1DEFC375004608BC /* LaunchScreen.storyboard */; };
		B5375EAA1DEFC4E3004608BC /* XEL_AlertView.m in Sources */ = {isa = PBXBuildFile; fileRef = B5375EA91DEFC4E3004608BC /* XEL_AlertView.m */; };
		B5573B1C1DF5685500452B5B /* IMG_0158.PNG in Resources */ = {isa = PBXBuildFile; fileRef = B5573B1B1DF5685500452B5B /* IMG_0158.PNG */; };
/* End PBXBuildFile section */

/* Begin PBXFileReference section */
		B5375E8D1DEFC375004608BC /* XEL_AlertController.app */ = {isa = PBXFileReference; explicitFileType = wrapper.application; includeInIndex = 0; path = XEL_AlertController.app; sourceTree = BUILT_PRODUCTS_DIR; };
		B5375E911DEFC375004608BC /* main.m */ = {isa = PBXFileReference; lastKnownFileType = sourcecode.c.objc; path = main.m; sourceTree = "<group>"; };
		B5375E931DEFC375004608BC /* AppDelegate.h */ = {isa = PBXFileReference; lastKnownFileType = sourcecode.c.h; path = AppDelegate.h; sourceTree = "<group>"; };
		B5375E941DEFC375004608BC /* AppDelegate.m */ = {isa = PBXFileReference; lastKnownFileType = sourcecode.c.objc; path = AppDelegate.m; sourceTree = "<group>"; };
		B5375E961DEFC375004608BC /* ViewController.h */ = {isa = PBXFileReference; lastKnownFileType = sourcecode.c.h; path = ViewController.h; sourceTree = "<group>"; };
		B5375E971DEFC375004608BC /* ViewController.m */ = {isa = PBXFileReference; lastKnownFileType = sourcecode.c.objc; path = ViewController.m; sourceTree = "<group>"; };
		B5375E9A1DEFC375004608BC /* Base */ = {isa = PBXFileReference; lastKnownFileType = file.storyboard; name = Base; path = Base.lproj/Main.storyboard; sourceTree = "<group>"; };
		B5375E9C1DEFC375004608BC /* Assets.xcassets */ = {isa = PBXFileReference; lastKnownFileType = folder.assetcatalog; path = Assets.xcassets; sourceTree = "<group>"; };
		B5375E9F1DEFC375004608BC /* Base */ = {isa = PBXFileReference; lastKnownFileType = file.storyboard; name = Base; path = Base.lproj/LaunchScreen.storyboard; sourceTree = "<group>"; };
		B5375EA11DEFC375004608BC /* Info.plist */ = {isa = PBXFileReference; lastKnownFileType = text.plist.xml; path = Info.plist; sourceTree = "<group>"; };
		B5375EA81DEFC4E3004608BC /* XEL_AlertView.h */ = {isa = PBXFileReference; fileEncoding = 4; lastKnownFileType = sourcecode.c.h; path = XEL_AlertView.h; sourceTree = "<group>"; };
		B5375EA91DEFC4E3004608BC /* XEL_AlertView.m */ = {isa = PBXFileReference; fileEncoding = 4; lastKnownFileType = sourcecode.c.objc; path = XEL_AlertView.m; sourceTree = "<group>"; };
		B5573B1B1DF5685500452B5B /* IMG_0158.PNG */ = {isa = PBXFileReference; lastKnownFileType = image.png; path = IMG_0158.PNG; sourceTree = "<group>"; };
/* End PBXFileReference section */

/* Begin PBXFrameworksBuildPhase section */
		B5375E8A1DEFC375004608BC /* Frameworks */ = {
			isa = PBXFrameworksBuildPhase;
			buildActionMask = 2147483647;
			files = (
			);
			runOnlyForDeploymentPostprocessing = 0;
		};
/* End PBXFrameworksBuildPhase section */

/* Begin PBXGroup section */
		B5375E841DEFC375004608BC = {
			isa = PBXGroup;
			children = (
				B5375E8F1DEFC375004608BC /* XEL_AlertController */,
				B5375E8E1DEFC375004608BC /* Products */,
			);
			sourceTree = "<group>";
		};
		B5375E8E1DEFC375004608BC /* Products */ = {
			isa = PBXGroup;
			children = (
				B5375E8D1DEFC375004608BC /* XEL_AlertController.app */,
			);
			name = Products;
			sourceTree = "<group>";
		};
		B5375E8F1DEFC375004608BC /* XEL_AlertController */ = {
			isa = PBXGroup;
			children = (
				B5573B1A1DF5679200452B5B /* image */,
				B5375EA71DEFC3ED004608BC /* XEL_AlertController */,
				B5375E931DEFC375004608BC /* AppDelegate.h */,
				B5375E941DEFC375004608BC /* AppDelegate.m */,
				B5375E961DEFC375004608BC /* ViewController.h */,
				B5375E971DEFC375004608BC /* ViewController.m */,
				B5375E991DEFC375004608BC /* Main.storyboard */,
				B5375E9C1DEFC375004608BC /* Assets.xcassets */,
				B5375E9E1DEFC375004608BC /* LaunchScreen.storyboard */,
				B5375EA11DEFC375004608BC /* Info.plist */,
				B5375E901DEFC375004608BC /* Supporting Files */,
			);
			path = XEL_AlertController;
			sourceTree = "<group>";
		};
		B5375E901DEFC375004608BC /* Supporting Files */ = {
			isa = PBXGroup;
			children = (
				B5375E911DEFC375004608BC /* main.m */,
			);
			name = "Supporting Files";
			sourceTree = "<group>";
		};
		B5375EA71DEFC3ED004608BC /* XEL_AlertController */ = {
			isa = PBXGroup;
			children = (
				B5375EA81DEFC4E3004608BC /* XEL_AlertView.h */,
				B5375EA91DEFC4E3004608BC /* XEL_AlertView.m */,
			);
			name = XEL_AlertController;
			sourceTree = "<group>";
		};
		B5573B1A1DF5679200452B5B /* image */ = {
			isa = PBXGroup;
			children = (
				B5573B1B1DF5685500452B5B /* IMG_0158.PNG */,
			);
			path = image;
			sourceTree = "<group>";
		};
/* End PBXGroup section */

/* Begin PBXNativeTarget section */
		B5375E8C1DEFC375004608BC /* XEL_AlertController */ = {
			isa = PBXNativeTarget;
			buildConfigurationList = B5375EA41DEFC375004608BC /* Build configuration list for PBXNativeTarget "XEL_AlertController" */;
			buildPhases = (
				B5375E891DEFC375004608BC /* Sources */,
				B5375E8A1DEFC375004608BC /* Frameworks */,
				B5375E8B1DEFC375004608BC /* Resources */,
			);
			buildRules = (
			);
			dependencies = (
			);
			name = XEL_AlertController;
			productName = XEL_AlertController;
			productReference = B5375E8D1DEFC375004608BC /* XEL_AlertController.app */;
			productType = "com.apple.product-type.application";
		};
/* End PBXNativeTarget section */

/* Begin PBXProject section */
		B5375E851DEFC375004608BC /* Project object */ = {
			isa = PBXProject;
			attributes = {
				LastUpgradeCheck = 0720;
				ORGANIZATIONNAME = xel;
				TargetAttributes = {
					B5375E8C1DEFC375004608BC = {
						CreatedOnToolsVersion = 7.2;
					};
				};
			};
			buildConfigurationList = B5375E881DEFC375004608BC /* Build configuration list for PBXProject "XEL_AlertController" */;
			compatibilityVersion = "Xcode 3.2";
			developmentRegion = English;
			hasScannedForEncodings = 0;
			knownRegions = (
				en,
				Base,
			);
			mainGroup = B5375E841DEFC375004608BC;
			productRefGroup = B5375E8E1DEFC375004608BC /* Products */;
			projectDirPath = "";
			projectRoot = "";
			targets = (
				B5375E8C1DEFC375004608BC /* XEL_AlertController */,
			);
		};
/* End PBXProject section */

/* Begin PBXResourcesBuildPhase section */
		B5375E8B1DEFC375004608BC /* Resources */ = {
			isa = PBXResourcesBuildPhase;
			buildActionMask = 2147483647;
			files = (
				B5375EA01DEFC375004608BC /* LaunchScreen.storyboard in Resources */,
				B5573B1C1DF5685500452B5B /* IMG_0158.PNG in Resources */,
				B5375E9D1DEFC375004608BC /* Assets.xcassets in Resources */,
				B5375E9B1DEFC375004608BC /* Main.storyboard in Resources */,
			);
			runOnlyForDeploymentPostprocessing = 0;
		};
/* End PBXResourcesBuildPhase section */

/* Begin PBXSourcesBuildPhase section */
		B5375E891DEFC375004608BC /* Sources */ = {
			isa = PBXSourcesBuildPhase;
			buildActionMask = 2147483647;
			files = (
				B5375E981DEFC375004608BC /* ViewController.m in Sources */,
				B5375E951DEFC375004608BC /* AppDelegate.m in Sources */,
				B5375E921DEFC375004608BC /* main.m in Sources */,
				B5375EAA1DEFC4E3004608BC /* XEL_AlertView.m in Sources */,
			);
			runOnlyForDeploymentPostprocessing = 0;
		};
/* End PBXSourcesBuildPhase section */

/* Begin PBXVariantGroup section */
		B5375E991DEFC375004608BC /* Main.storyboard */ = {
			isa = PBXVariantGroup;
			children = (
				B5375E9A1DEFC375004608BC /* Base */,
			);
			name = Main.storyboard;
			sourceTree = "<group>";
		};
		B5375E9E1DEFC375004608BC /* LaunchScreen.storyboard */ = {
			isa = PBXVariantGroup;
			children = (
				B5375E9F1DEFC375004608BC /* Base */,
			);
			name = LaunchScreen.storyboard;
			sourceTree = "<group>";
		};
/* End PBXVariantGroup section */

/* Begin XCBuildConfiguration section */
		B5375EA21DEFC375004608BC /* Debug */ = {
			isa = XCBuildConfiguration;
			buildSettings = {
				ALWAYS_SEARCH_USER_PATHS = NO;
				CLANG_CXX_LANGUAGE_STANDARD = "gnu++0x";
				CLANG_CXX_LIBRARY = "libc++";
				CLANG_ENABLE_MODULES = YES;
				CLANG_ENABLE_OBJC_ARC = YES;
				CLANG_WARN_BOOL_CONVERSION = YES;
				CLANG_WARN_CONSTANT_CONVERSION = YES;
				CLANG_WARN_DIRECT_OBJC_ISA_USAGE = YES_ERROR;
				CLANG_WARN_EMPTY_BODY = YES;
				CLANG_WARN_ENUM_CONVERSION = YES;
				CLANG_WARN_INT_CONVERSION = YES;
				CLANG_WARN_OBJC_ROOT_CLASS = YES_ERROR;
				CLANG_WARN_UNREACHABLE_CODE = YES;
				CLANG_WARN__DUPLICATE_METHOD_MATCH = YES;
				"CODE_SIGN_IDENTITY[sdk=iphoneos*]" = "iPhone Developer";
				COPY_PHASE_STRIP = NO;
				DEBUG_INFORMATION_FORMAT = dwarf;
				ENABLE_STRICT_OBJC_MSGSEND = YES;
				ENABLE_TESTABILITY = YES;
				GCC_C_LANGUAGE_STANDARD = gnu99;
				GCC_DYNAMIC_NO_PIC = NO;
				GCC_NO_COMMON_BLOCKS = YES;
				GCC_OPTIMIZATION_LEVEL = 0;
				GCC_PREPROCESSOR_DEFINITIONS = (
					"DEBUG=1",
					"$(inherited)",
				);
				GCC_WARN_64_TO_32_BIT_CONVERSION = YES;
				GCC_WARN_ABOUT_RETURN_TYPE = YES_ERROR;
				GCC_WARN_UNDECLARED_SELECTOR = YES;
				GCC_WARN_UNINITIALIZED_AUTOS = YES_AGGRESSIVE;
				GCC_WARN_UNUSED_FUNCTION = YES;
				GCC_WARN_UNUSED_VARIABLE = YES;
				IPHONEOS_DEPLOYMENT_TARGET = 9.2;
				MTL_ENABLE_DEBUG_INFO = YES;
				ONLY_ACTIVE_ARCH = YES;
				SDKROOT = iphoneos;
			};
			name = Debug;
		};
		B5375EA31DEFC375004608BC /* Release */ = {
			isa = XCBuildConfiguration;
			buildSettings = {
				ALWAYS_SEARCH_USER_PATHS = NO;
				CLANG_CXX_LANGUAGE_STANDARD = "gnu++0x";
				CLANG_CXX_LIBRARY = "libc++";
				CLANG_ENABLE_MODULES = YES;
				CLANG_ENABLE_OBJC_ARC = YES;
				CLANG_WARN_BOOL_CONVERSION = YES;
				CLANG_WARN_CONSTANT_CONVERSION = YES;
				CLANG_WARN_DIRECT_OBJC_ISA_USAGE = YES_ERROR;
				CLANG_WARN_EMPTY_BODY = YES;
				CLANG_WARN_ENUM_CONVERSION = YES;
				CLANG_WARN_INT_CONVERSION = YES;
				CLANG_WARN_OBJC_ROOT_CLASS = YES_ERROR;
				CLANG_WARN_UNREACHABLE_CODE = YES;
				CLANG_WARN__DUPLICATE_METHOD_MATCH = YES;
				"CODE_SIGN_IDENTITY[sdk=iphoneos*]" = "iPhone Developer";
				COPY_PHASE_STRIP = NO;
				DEBUG_INFORMATION_FORMAT = "dwarf-with-dsym";
				ENABLE_NS_ASSERTIONS = NO;
				ENABLE_STRICT_OBJC_MSGSEND = YES;
				GCC_C_LANGUAGE_STANDARD = gnu99;
				GCC_NO_COMMON_BLOCKS = YES;
				GCC_WARN_64_TO_32_BIT_CONVERSION = YES;
				GCC_WARN_ABOUT_RETURN_TYPE = YES_ERROR;
				GCC_WARN_UNDECLARED_SELECTOR = YES;
				GCC_WARN_UNINITIALIZED_AUTOS = YES_AGGRESSIVE;
				GCC_WARN_UNUSED_FUNCTION = YES;
				GCC_WARN_UNUSED_VARIABLE = YES;
				IPHONEOS_DEPLOYMENT_TARGET = 9.2;
				MTL_ENABLE_DEBUG_INFO = NO;
				SDKROOT = iphoneos;
				VALIDATE_PRODUCT = YES;
			};
			name = Release;
		};
		B5375EA51DEFC375004608BC /* Debug */ = {
			isa = XCBuildConfiguration;
			buildSettings = {
				ASSETCATALOG_COMPILER_APPICON_NAME = AppIcon;
				INFOPLIST_FILE = XEL_AlertController/Info.plist;
				LD_RUNPATH_SEARCH_PATHS = "$(inherited) @executable_path/Frameworks";
				PRODUCT_BUNDLE_IDENTIFIER = "com.leijin.XEL-AlertController";
				PRODUCT_NAME = "$(TARGET_NAME)";
			};
			name = Debug;
		};
		B5375EA61DEFC375004608BC /* Release */ = {
			isa = XCBuildConfiguration;
			buildSettings = {
				ASSETCATALOG_COMPILER_APPICON_NAME = AppIcon;
				INFOPLIST_FILE = XEL_AlertController/Info.plist;
				LD_RUNPATH_SEARCH_PATHS = "$(inherited) @executable_path/Frameworks";
				PRODUCT_BUNDLE_IDENTIFIER = "com.leijin.XEL-AlertController";
				PRODUCT_NAME = "$(TARGET_NAME)";
			};
			name = Release;
		};
/* End XCBuildConfiguration section */

/* Begin XCConfigurationList section */
		B5375E881DEFC375004608BC /* Build configuration list for PBXProject "XEL_AlertController" */ = {
			isa = XCConfigurationList;
			buildConfigurations = (
				B5375EA21DEFC375004608BC /* Debug */,
				B5375EA31DEFC375004608BC /* Release */,
			);
			defaultConfigurationIsVisible = 0;
			defaultConfigurationName = Release;
		};
		B5375EA41DEFC375004608BC /* Build configuration list for PBXNativeTarget "XEL_AlertController" */ = {
			isa = XCConfigurationList;
			buildConfigurations = (
				B5375EA51DEFC375004608BC /* Debug */,
				B5375EA61DEFC375004608BC /* Release */,
			);
			defaultConfigurationIsVisible = 0;
			defaultConfigurationName = Release;
		};
/* End XCConfigurationList section */
	};
	rootObject = B5375E851DEFC375004608BC /* Project object */;
}
